
Microsoft Visual Studio Solution File, Format Version 12.00
# Visual Studio Version 17
VisualStudioVersion = 17.2.32516.85
MinimumVisualStudioVersion = 10.0.40219.1
Project("{FAE04EC0-301F-11D3-BF4B-00C04F79EFBC}") = "FinalExamJesus", "FinalExamJesus\FinalExamJesus.csproj", "{8364C831-8A33-4E82-97D3-F34F322F2DBF}"
EndProject
Global
	GlobalSection(SolutionConfigurationPlatforms) = preSolution
		Debug|Any CPU = Debug|Any CPU
		Release|Any CPU = Release|Any CPU
	EndGlobalSection
	GlobalSection(ProjectConfigurationPlatforms) = postSolution
		{8364C831-8A33-4E82-97D3-F34F322F2DBF}.Debug|Any CPU.ActiveCfg = Debug|Any CPU
		{8364C831-8A33-4E82-97D3-F34F322F2DBF}.Debug|Any CPU.Build.0 = Debug|Any CPU
		{8364C831-8A33-4E82-97D3-F34F322F2DBF}.Release|Any CPU.ActiveCfg = Release|Any CPU
		{8364C831-8A33-4E82-97D3-F34F322F2DBF}.Release|Any CPU.Build.0 = Release|Any CPU
	EndGlobalSection
	GlobalSection(SolutionProperties) = preSolution
		HideSolutionNode = FALSE
	EndGlobalSection
	GlobalSection(ExtensibilityGlobals) = postSolution
		SolutionGuid = {49848A8D-B735-4C0D-93C2-CA3A22BD9066}
	EndGlobalSection
EndGlobal
